
Microsoft Visual Studio Solution File, Format Version 12.00
# Visual Studio Version 17
VisualStudioVersion = 17.13.35919.96
MinimumVisualStudioVersion = 10.0.40219.1
Project("{FAE04EC0-301F-11D3-BF4B-00C04F79EFBC}") = "JsonToCsv", "JsonToCsv\JsonToCsv.csproj", "{D7DCA5A1-A555-4CBB-90FF-BD4B02A785DD}"
EndProject
Project("{FAE04EC0-301F-11D3-BF4B-00C04F79EFBC}") = "JsonToCsv.Tests", "JsonToCsv.Tests\JsonToCsv.Tests.csproj", "{3D5CDA8D-26FB-4041-BFCE-4E68868940E4}"
EndProject
Global
	GlobalSection(SolutionConfigurationPlatforms) = preSolution
		Debug|Any CPU = Debug|Any CPU
		Release|Any CPU = Release|Any CPU
	EndGlobalSection
	GlobalSection(ProjectConfigurationPlatforms) = postSolution
		{D7DCA5A1-A555-4CBB-90FF-BD4B02A785DD}.Debug|Any CPU.ActiveCfg = Debug|Any CPU
		{D7DCA5A1-A555-4CBB-90FF-BD4B02A785DD}.Debug|Any CPU.Build.0 = Debug|Any CPU
		{D7DCA5A1-A555-4CBB-90FF-BD4B02A785DD}.Release|Any CPU.ActiveCfg = Release|Any CPU
		{D7DCA5A1-A555-4CBB-90FF-BD4B02A785DD}.Release|Any CPU.Build.0 = Release|Any CPU
		{3D5CDA8D-26FB-4041-BFCE-4E68868940E4}.Debug|Any CPU.ActiveCfg = Debug|Any CPU
		{3D5CDA8D-26FB-4041-BFCE-4E68868940E4}.Debug|Any CPU.Build.0 = Debug|Any CPU
		{3D5CDA8D-26FB-4041-BFCE-4E68868940E4}.Release|Any CPU.ActiveCfg = Release|Any CPU
		{3D5CDA8D-26FB-4041-BFCE-4E68868940E4}.Release|Any CPU.Build.0 = Release|Any CPU
	EndGlobalSection
	GlobalSection(SolutionProperties) = preSolution
		HideSolutionNode = FALSE
	EndGlobalSection
	GlobalSection(ExtensibilityGlobals) = postSolution
		SolutionGuid = {AD6BA9A6-3473-4955-AC27-7291DDEFF5C6}
	EndGlobalSection
EndGlobal
